<?xml version="1.0" encoding="utf-8"?>
<Project ToolsVersion="4.0" xmlns="http://schemas.microsoft.com/developer/msbuild/2003">
  <ItemGroup>
    <Filter Include="Source Files">
      <UniqueIdentifier>{4FC737F1-C7A5-4376-A066-2A32D752A2FF}</UniqueIdentifier>
      <Extensions>cpp;c;cc;cxx;def;odl;idl;hpj;bat;asm;asmx</Extensions>
    </Filter>
    <Filter Include="Header Files">
      <UniqueIdentifier>{93995380-89BD-4b04-88EB-625FBE52EBFB}</UniqueIdentifier>
      <Extensions>h;hh;hpp;hxx;hm;inl;inc;xsd</Extensions>
    </Filter>
    <Filter Include="Resource Files">
      <UniqueIdentifier>{67DA6AB6-F800-4c08-8B7A-83BB121AAD01}</UniqueIdentifier>
      <Extensions>rc;ico;cur;bmp;dlg;rc2;rct;bin;rgs;gif;jpg;jpeg;jpe;resx;tiff;tif;png;wav;mfcribbon-ms</Extensions>
    </Filter>
    <Filter Include="Source Files\node">
      <UniqueIdentifier>{37b61169-cf45-453c-bdc2-9500c17b0b31}</UniqueIdentifier>
    </Filter>
    <Filter Include="Source Files\render">
      <UniqueIdentifier>{213fc01b-6a91-4681-b53d-d466745e97ee}</UniqueIdentifier>
    </Filter>
    <Filter Include="Source Files\scene">
      <UniqueIdentifier>{f3f98427-600d-49d6-bb7a-e917d4e33e98}</UniqueIdentifier>
    </Filter>
    <Filter Include="Source Files\shader">
      <UniqueIdentifier>{fe8ee8a3-ecd8-4e19-a735-5c0813f7a51f}</UniqueIdentifier>
    </Filter>
    <Filter Include="Source Files\shadow">
      <UniqueIdentifier>{4f4c89e6-3f78-41ba-99d5-a4e278c389d6}</UniqueIdentifier>
    </Filter>
    <Filter Include="Source Files\sky">
      <UniqueIdentifier>{a5942c3f-530f-4d04-b417-94b0df71a5c4}</UniqueIdentifier>
    </Filter>
    <Filter Include="Source Files\texture">
      <UniqueIdentifier>{2c33283d-9496-412d-a059-a7e40c183efa}</UniqueIdentifier>
    </Filter>
    <Filter Include="Source Files\util">
      <UniqueIdentifier>{1704d7c7-9155-4a55-aea4-3e3e0e3be54d}</UniqueIdentifier>
    </Filter>
    <Filter Include="Source Files\batch">
      <UniqueIdentifier>{8b8563ba-9c72-45ac-9fb6-1870b6be4e52}</UniqueIdentifier>
    </Filter>
    <Filter Include="Source Files\bounding">
      <UniqueIdentifier>{2f0ca04f-4886-4d8f-b05c-4ada8eca79a4}</UniqueIdentifier>
    </Filter>
    <Filter Include="Source Files\camera">
      <UniqueIdentifier>{351aef8b-c775-461e-b588-c9076ac8d8dc}</UniqueIdentifier>
    </Filter>
    <Filter Include="Source Files\constants">
      <UniqueIdentifier>{68d96dab-3c8b-4809-a358-c116e20f51ad}</UniqueIdentifier>
    </Filter>
    <Filter Include="Source Files\filter">
      <UniqueIdentifier>{b31e94c6-4675-4d2a-b784-3b8bac5c082c}</UniqueIdentifier>
    </Filter>
    <Filter Include="Source Files\framebuffer">
      <UniqueIdentifier>{bf5a3c90-c2dc-4ee9-9e4f-23da59360ce6}</UniqueIdentifier>
    </Filter>
    <Filter Include="Source Files\input">
      <UniqueIdentifier>{cf1fba8d-dc0c-416c-8b87-cd6b84d61d8a}</UniqueIdentifier>
    </Filter>
    <Filter Include="Source Files\instance">
      <UniqueIdentifier>{4e13c0f7-5169-4790-8973-c8d25b2377c0}</UniqueIdentifier>
    </Filter>
    <Filter Include="Source Files\maths">
      <UniqueIdentifier>{c3bf350b-9469-4420-8e89-d211c6839b1a}</UniqueIdentifier>
    </Filter>
    <Filter Include="Source Files\mesh">
      <UniqueIdentifier>{fd4595e7-99e2-4de2-a827-b6a9aa1db161}</UniqueIdentifier>
    </Filter>
    <Filter Include="Source Files\model">
      <UniqueIdentifier>{74abb9b8-de7a-4fc4-b38b-42f48ee8450a}</UniqueIdentifier>
    </Filter>
    <Filter Include="Source Files\object">
      <UniqueIdentifier>{349ce91b-0248-4eb1-84df-9ca49d1d4b18}</UniqueIdentifier>
    </Filter>
    <Filter Include="Shaders">
      <UniqueIdentifier>{4a81b44a-edd1-413a-8622-346e28583b6b}</UniqueIdentifier>
    </Filter>
    <Filter Include="Source Files\material">
      <UniqueIdentifier>{b19b9330-b6bb-4bab-987a-1bf381426b94}</UniqueIdentifier>
    </Filter>
    <Filter Include="Source Files\assets">
      <UniqueIdentifier>{2d691f53-199b-4040-873b-3e6ac6cf8d6e}</UniqueIdentifier>
    </Filter>
    <Filter Include="Source Files\application">
      <UniqueIdentifier>{1c812cb4-0706-459d-995c-f60b474bd11b}</UniqueIdentifier>
    </Filter>
    <Filter Include="Source Files\billboard">
      <UniqueIdentifier>{358a6b6d-4125-4fd9-b7e0-77a5f6b34fe1}</UniqueIdentifier>
    </Filter>
    <Filter Include="Source Files\config">
      <UniqueIdentifier>{0e23dd1c-1c7d-4e82-bce0-f446fee06b7a}</UniqueIdentifier>
    </Filter>
    <Filter Include="config">
      <UniqueIdentifier>{4c8bf68f-c859-4112-901a-1d6ae67fc83f}</UniqueIdentifier>
    </Filter>
    <Filter Include="Source Files\animation">
      <UniqueIdentifier>{821d9ac3-4543-4fd6-8b64-10f51051c610}</UniqueIdentifier>
    </Filter>
  </ItemGroup>
  <ItemGroup>
    <ClCompile Include="batch\batch.cpp">
      <Filter>Source Files\batch</Filter>
    </ClCompile>
    <ClCompile Include="bounding\aabb.cpp">
      <Filter>Source Files\bounding</Filter>
    </ClCompile>
    <ClCompile Include="camera\camera.cpp">
      <Filter>Source Files\camera</Filter>
    </ClCompile>
    <ClCompile Include="camera\frustum.cpp">
      <Filter>Source Files\camera</Filter>
    </ClCompile>
    <ClCompile Include="filter\filter.cpp">
      <Filter>Source Files\filter</Filter>
    </ClCompile>
    <ClCompile Include="framebuffer\framebuffer.cpp">
      <Filter>Source Files\framebuffer</Filter>
    </ClCompile>
    <ClCompile Include="input\input.cpp">
      <Filter>Source Files\input</Filter>
    </ClCompile>
    <ClCompile Include="instance\instance.cpp">
      <Filter>Source Files\instance</Filter>
    </ClCompile>
    <ClCompile Include="maths\COLOR.cpp">
      <Filter>Source Files\maths</Filter>
    </ClCompile>
    <ClCompile Include="maths\MATRIX4X4.cpp">
      <Filter>Source Files\maths</Filter>
    </ClCompile>
    <ClCompile Include="maths\PLANE.cpp">
      <Filter>Source Files\maths</Filter>
    </ClCompile>
    <ClCompile Include="maths\VECTOR2D.cpp">
      <Filter>Source Files\maths</Filter>
    </ClCompile>
    <ClCompile Include="maths\VECTOR3D.cpp">
      <Filter>Source Files\maths</Filter>
    </ClCompile>
    <ClCompile Include="maths\VECTOR4D.cpp">
      <Filter>Source Files\maths</Filter>
    </ClCompile>
    <ClCompile Include="mesh\board.cpp">
      <Filter>Source Files\mesh</Filter>
    </ClCompile>
    <ClCompile Include="mesh\box.cpp">
      <Filter>Source Files\mesh</Filter>
    </ClCompile>
    <ClCompile Include="mesh\mesh.cpp">
      <Filter>Source Files\mesh</Filter>
    </ClCompile>
    <ClCompile Include="mesh\model.cpp">
      <Filter>Source Files\mesh</Filter>
    </ClCompile>
    <ClCompile Include="mesh\quad.cpp">
      <Filter>Source Files\mesh</Filter>
    </ClCompile>
    <ClCompile Include="mesh\sphere.cpp">
      <Filter>Source Files\mesh</Filter>
    </ClCompile>
    <ClCompile Include="mesh\terrain.cpp">
      <Filter>Source Files\mesh</Filter>
    </ClCompile>
    <ClCompile Include="model\mtlloader.cpp">
      <Filter>Source Files\model</Filter>
    </ClCompile>
    <ClCompile Include="model\objloader.cpp">
      <Filter>Source Files\model</Filter>
    </ClCompile>
    <ClCompile Include="util\util.cpp">
      <Filter>Source Files\util</Filter>
    </ClCompile>
    <ClCompile Include="texture\bmpimage.cpp">
      <Filter>Source Files\texture</Filter>
    </ClCompile>
    <ClCompile Include="texture\bmploader.cpp">
      <Filter>Source Files\texture</Filter>
    </ClCompile>
    <ClCompile Include="texture\cubemap.cpp">
      <Filter>Source Files\texture</Filter>
    </ClCompile>
    <ClCompile Include="texture\imageset.cpp">
      <Filter>Source Files\texture</Filter>
    </ClCompile>
    <ClCompile Include="texture\texture2d.cpp">
      <Filter>Source Files\texture</Filter>
    </ClCompile>
    <ClCompile Include="sky\sky.cpp">
      <Filter>Source Files\sky</Filter>
    </ClCompile>
    <ClCompile Include="shader\shader.cpp">
      <Filter>Source Files\shader</Filter>
    </ClCompile>
    <ClCompile Include="shader\shadermanager.cpp">
      <Filter>Source Files\shader</Filter>
    </ClCompile>
    <ClCompile Include="shader\shaderprogram.cpp">
      <Filter>Source Files\shader</Filter>
    </ClCompile>
    <ClCompile Include="shader\textfile.cpp">
      <Filter>Source Files\shader</Filter>
    </ClCompile>
    <ClCompile Include="scene\scene.cpp">
      <Filter>Source Files\scene</Filter>
    </ClCompile>
    <ClCompile Include="render\render.cpp">
      <Filter>Source Files\render</Filter>
    </ClCompile>
    <ClCompile Include="render\shaderscontainer.cpp">
      <Filter>Source Files\render</Filter>
    </ClCompile>
    <ClCompile Include="render\staticDrawcall.cpp">
      <Filter>Source Files\render</Filter>
    </ClCompile>
    <ClCompile Include="object\animationObject.cpp">
      <Filter>Source Files\object</Filter>
    </ClCompile>
    <ClCompile Include="object\object.cpp">
      <Filter>Source Files\object</Filter>
    </ClCompile>
    <ClCompile Include="object\staticObject.cpp">
      <Filter>Source Files\object</Filter>
    </ClCompile>
    <ClCompile Include="node\animationNode.cpp">
      <Filter>Source Files\node</Filter>
    </ClCompile>
    <ClCompile Include="node\instanceNode.cpp">
      <Filter>Source Files\node</Filter>
    </ClCompile>
    <ClCompile Include="node\node.cpp">
      <Filter>Source Files\node</Filter>
    </ClCompile>
    <ClCompile Include="node\staticNode.cpp">
      <Filter>Source Files\node</Filter>
    </ClCompile>
    <ClCompile Include="main.cpp">
      <Filter>Source Files</Filter>
    </ClCompile>
    <ClCompile Include="render\drawcall.cpp">
      <Filter>Source Files\render</Filter>
    </ClCompile>
    <ClCompile Include="render\renderQueue.cpp">
      <Filter>Source Files\render</Filter>
    </ClCompile>
    <ClCompile Include="render\renderManager.cpp">
      <Filter>Source Files\render</Filter>
    </ClCompile>
    <ClCompile Include="shadow\shadow.cpp">
      <Filter>Source Files\shadow</Filter>
    </ClCompile>
    <ClCompile Include="material\materialManager.cpp">
      <Filter>Source Files\material</Filter>
    </ClCompile>
    <ClCompile Include="util\triangle.cpp">
      <Filter>Source Files\util</Filter>
    </ClCompile>
    <ClCompile Include="node\terrainNode.cpp">
      <Filter>Source Files\node</Filter>
    </ClCompile>
    <ClCompile Include="assets\assetManager.cpp">
      <Filter>Source Files\assets</Filter>
    </ClCompile>
    <ClCompile Include="application\application.cpp">
      <Filter>Source Files\application</Filter>
    </ClCompile>
    <ClCompile Include="simpleApplication.cpp">
      <Filter>Source Files</Filter>
    </ClCompile>
    <ClCompile Include="mesh\water.cpp">
      <Filter>Source Files\mesh</Filter>
    </ClCompile>
    <ClCompile Include="node\waterNode.cpp">
      <Filter>Source Files\node</Filter>
    </ClCompile>
    <ClCompile Include="config\config.cpp">
      <Filter>Source Files\config</Filter>
    </ClCompile>
    <ClCompile Include="texture\textureatlas.cpp">
      <Filter>Source Files\texture</Filter>
    </ClCompile>
    <ClCompile Include="instance\instanceData.cpp">
      <Filter>Source Files\instance</Filter>
    </ClCompile>
    <ClCompile Include="batch\batchData.cpp">
      <Filter>Source Files\batch</Filter>
    </ClCompile>
    <ClCompile Include="texture\texturebindless.cpp">
      <Filter>Source Files\texture</Filter>
    </ClCompile>
    <ClCompile Include="render\computeDrawcall.cpp">
      <Filter>Source Files\render</Filter>
    </ClCompile>
    <ClCompile Include="instance\multiInstance.cpp">
      <Filter>Source Files\instance</Filter>
    </ClCompile>
    <ClCompile Include="render\multiDrawcall.cpp">
      <Filter>Source Files\render</Filter>
    </ClCompile>
    <ClCompile Include="animation\animation.cpp">
      <Filter>Source Files\animation</Filter>
    </ClCompile>
    <ClCompile Include="animation\frameMgr.cpp">
      <Filter>Source Files\animation</Filter>
    </ClCompile>
    <ClCompile Include="scene\player.cpp">
      <Filter>Source Files\scene</Filter>
    </ClCompile>
  </ItemGroup>
  <ItemGroup>
    <ClInclude Include="batch\batch.h">
      <Filter>Source Files\batch</Filter>
    </ClInclude>
    <ClInclude Include="bounding\aabb.h">
      <Filter>Source Files\bounding</Filter>
    </ClInclude>
    <ClInclude Include="bounding\boundingBox.h">
      <Filter>Source Files\bounding</Filter>
    </ClInclude>
    <ClInclude Include="camera\camera.h">
      <Filter>Source Files\camera</Filter>
    </ClInclude>
    <ClInclude Include="camera\frustum.h">
      <Filter>Source Files\camera</Filter>
    </ClInclude>
    <ClInclude Include="constants\constants.h">
      <Filter>Source Files\constants</Filter>
    </ClInclude>
    <ClInclude Include="filter\filter.h">
      <Filter>Source Files\filter</Filter>
    </ClInclude>
    <ClInclude Include="framebuffer\framebuffer.h">
      <Filter>Source Files\framebuffer</Filter>
    </ClInclude>
    <ClInclude Include="input\input.h">
      <Filter>Source Files\input</Filter>
    </ClInclude>
    <ClInclude Include="instance\instance.h">
      <Filter>Source Files\instance</Filter>
    </ClInclude>
    <ClInclude Include="maths\COLOR.h">
      <Filter>Source Files\maths</Filter>
    </ClInclude>
    <ClInclude Include="maths\Maths.h">
      <Filter>Source Files\maths</Filter>
    </ClInclude>
    <ClInclude Include="maths\MATRIX4X4.h">
      <Filter>Source Files\maths</Filter>
    </ClInclude>
    <ClInclude Include="maths\PLANE.h">
      <Filter>Source Files\maths</Filter>
    </ClInclude>
    <ClInclude Include="maths\VECTOR2D.h">
      <Filter>Source Files\maths</Filter>
    </ClInclude>
    <ClInclude Include="maths\VECTOR3D.h">
      <Filter>Source Files\maths</Filter>
    </ClInclude>
    <ClInclude Include="maths\VECTOR4D.h">
      <Filter>Source Files\maths</Filter>
    </ClInclude>
    <ClInclude Include="mesh\board.h">
      <Filter>Source Files\mesh</Filter>
    </ClInclude>
    <ClInclude Include="mesh\box.h">
      <Filter>Source Files\mesh</Filter>
    </ClInclude>
    <ClInclude Include="mesh\mesh.h">
      <Filter>Source Files\mesh</Filter>
    </ClInclude>
    <ClInclude Include="mesh\model.h">
      <Filter>Source Files\mesh</Filter>
    </ClInclude>
    <ClInclude Include="mesh\quad.h">
      <Filter>Source Files\mesh</Filter>
    </ClInclude>
    <ClInclude Include="mesh\sphere.h">
      <Filter>Source Files\mesh</Filter>
    </ClInclude>
    <ClInclude Include="mesh\terrain.h">
      <Filter>Source Files\mesh</Filter>
    </ClInclude>
    <ClInclude Include="model\mtlloader.h">
      <Filter>Source Files\model</Filter>
    </ClInclude>
    <ClInclude Include="model\objloader.h">
      <Filter>Source Files\model</Filter>
    </ClInclude>
    <ClInclude Include="util\dirent.h">
      <Filter>Source Files\util</Filter>
    </ClInclude>
    <ClInclude Include="util\util.h">
      <Filter>Source Files\util</Filter>
    </ClInclude>
    <ClInclude Include="texture\bmpimage.h">
      <Filter>Source Files\texture</Filter>
    </ClInclude>
    <ClInclude Include="texture\bmploader.h">
      <Filter>Source Files\texture</Filter>
    </ClInclude>
    <ClInclude Include="texture\cubemap.h">
      <Filter>Source Files\texture</Filter>
    </ClInclude>
    <ClInclude Include="texture\imageset.h">
      <Filter>Source Files\texture</Filter>
    </ClInclude>
    <ClInclude Include="texture\texture2d.h">
      <Filter>Source Files\texture</Filter>
    </ClInclude>
    <ClInclude Include="sky\sky.h">
      <Filter>Source Files\sky</Filter>
    </ClInclude>
    <ClInclude Include="shader\shader.h">
      <Filter>Source Files\shader</Filter>
    </ClInclude>
    <ClInclude Include="shader\shadermanager.h">
      <Filter>Source Files\shader</Filter>
    </ClInclude>
    <ClInclude Include="shader\shaderprogram.h">
      <Filter>Source Files\shader</Filter>
    </ClInclude>
    <ClInclude Include="shader\textfile.h">
      <Filter>Source Files\shader</Filter>
    </ClInclude>
    <ClInclude Include="scene\scene.h">
      <Filter>Source Files\scene</Filter>
    </ClInclude>
    <ClInclude Include="render\drawcall.h">
      <Filter>Source Files\render</Filter>
    </ClInclude>
    <ClInclude Include="render\glheader.h">
      <Filter>Source Files\render</Filter>
    </ClInclude>
    <ClInclude Include="render\render.h">
      <Filter>Source Files\render</Filter>
    </ClInclude>
    <ClInclude Include="render\shaderscontainer.h">
      <Filter>Source Files\render</Filter>
    </ClInclude>
    <ClInclude Include="render\staticDrawcall.h">
      <Filter>Source Files\render</Filter>
    </ClInclude>
    <ClInclude Include="object\animationObject.h">
      <Filter>Source Files\object</Filter>
    </ClInclude>
    <ClInclude Include="object\object.h">
      <Filter>Source Files\object</Filter>
    </ClInclude>
    <ClInclude Include="object\staticObject.h">
      <Filter>Source Files\object</Filter>
    </ClInclude>
    <ClInclude Include="node\animationNode.h">
      <Filter>Source Files\node</Filter>
    </ClInclude>
    <ClInclude Include="node\instanceNode.h">
      <Filter>Source Files\node</Filter>
    </ClInclude>
    <ClInclude Include="node\node.h">
      <Filter>Source Files\node</Filter>
    </ClInclude>
    <ClInclude Include="node\staticNode.h">
      <Filter>Source Files\node</Filter>
    </ClInclude>
    <ClInclude Include="render\renderQueue.h">
      <Filter>Source Files\render</Filter>
    </ClInclude>
    <ClInclude Include="render\renderManager.h">
      <Filter>Source Files\render</Filter>
    </ClInclude>
    <ClInclude Include="shadow\shadow.h">
      <Filter>Source Files\shadow</Filter>
    </ClInclude>
    <ClInclude Include="material\materialManager.h">
      <Filter>Source Files\material</Filter>
    </ClInclude>
    <ClInclude Include="util\triangle.h">
      <Filter>Source Files\util</Filter>
    </ClInclude>
    <ClInclude Include="node\terrainNode.h">
      <Filter>Source Files\node</Filter>
    </ClInclude>
    <ClInclude Include="assets\assetManager.h">
      <Filter>Source Files\assets</Filter>
    </ClInclude>
    <ClInclude Include="application\application.h">
      <Filter>Source Files\application</Filter>
    </ClInclude>
    <ClInclude Include="simpleApplication.h">
      <Filter>Source Files</Filter>
    </ClInclude>
    <ClInclude Include="render\renderState.h">
      <Filter>Source Files\render</Filter>
    </ClInclude>
    <ClInclude Include="render\renderBuffer.h">
      <Filter>Source Files\render</Filter>
    </ClInclude>
    <ClInclude Include="billboard\billboard.h">
      <Filter>Source Files\billboard</Filter>
    </ClInclude>
    <ClInclude Include="mesh\water.h">
      <Filter>Source Files\mesh</Filter>
    </ClInclude>
    <ClInclude Include="node\waterNode.h">
      <Filter>Source Files\node</Filter>
    </ClInclude>
    <ClInclude Include="config\config.h">
      <Filter>Source Files\config</Filter>
    </ClInclude>
    <ClInclude Include="texture\textureatlas.h">
      <Filter>Source Files\texture</Filter>
    </ClInclude>
    <ClInclude Include="instance\instanceData.h">
      <Filter>Source Files\instance</Filter>
    </ClInclude>
    <ClInclude Include="batch\batchData.h">
      <Filter>Source Files\batch</Filter>
    </ClInclude>
    <ClInclude Include="texture\texturebindless.h">
      <Filter>Source Files\texture</Filter>
    </ClInclude>
    <ClInclude Include="render\computeDrawcall.h">
      <Filter>Source Files\render</Filter>
    </ClInclude>
    <ClInclude Include="instance\multiInstance.h">
      <Filter>Source Files\instance</Filter>
    </ClInclude>
    <ClInclude Include="render\multiDrawcall.h">
      <Filter>Source Files\render</Filter>
    </ClInclude>
    <ClInclude Include="animation\animation.h">
      <Filter>Source Files\animation</Filter>
    </ClInclude>
    <ClInclude Include="animation\animationData.h">
      <Filter>Source Files\animation</Filter>
    </ClInclude>
    <ClInclude Include="animation\frameMgr.h">
      <Filter>Source Files\animation</Filter>
    </ClInclude>
    <ClInclude Include="scene\player.h">
      <Filter>Source Files\scene</Filter>
    </ClInclude>
  </ItemGroup>
  <ItemGroup>
    <None Include="..\Tiny\shader\billboard.frag">
      <Filter>Shaders</Filter>
    </None>
    <None Include="..\Tiny\shader\billboard.vert">
      <Filter>Shaders</Filter>
    </None>
    <None Include="..\Tiny\shader\blur.frag">
      <Filter>Shaders</Filter>
    </None>
    <None Include="..\Tiny\shader\bone.frag">
      <Filter>Shaders</Filter>
    </None>
    <None Include="..\Tiny\shader\bone.vert">
      <Filter>Shaders</Filter>
    </None>
    <None Include="..\Tiny\shader\combined.frag">
      <Filter>Shaders</Filter>
    </None>
    <None Include="..\Tiny\shader\debug.frag">
      <Filter>Shaders</Filter>
    </None>
    <None Include="..\Tiny\shader\debug.vert">
      <Filter>Shaders</Filter>
    </None>
    <None Include="..\Tiny\shader\deferred.frag">
      <Filter>Shaders</Filter>
    </None>
    <None Include="..\Tiny\shader\dof.frag">
      <Filter>Shaders</Filter>
    </None>
    <None Include="..\Tiny\shader\fxaa.frag">
      <Filter>Shaders</Filter>
    </None>
    <None Include="..\Tiny\shader\instance.vert">
      <Filter>Shaders</Filter>
    </None>
    <None Include="..\Tiny\shader\mean.frag">
      <Filter>Shaders</Filter>
    </None>
    <None Include="..\Tiny\shader\phong.frag">
      <Filter>Shaders</Filter>
    </None>
    <None Include="..\Tiny\shader\phong.vert">
      <Filter>Shaders</Filter>
    </None>
    <None Include="..\Tiny\shader\post.vert">
      <Filter>Shaders</Filter>
    </None>
    <None Include="..\Tiny\shader\screen.frag">
      <Filter>Shaders</Filter>
    </None>
    <None Include="..\Tiny\shader\shadow_nontex.frag">
      <Filter>Shaders</Filter>
    </None>
    <None Include="..\Tiny\shader\shadow_tex.frag">
      <Filter>Shaders</Filter>
    </None>
    <None Include="..\Tiny\shader\sky.frag">
      <Filter>Shaders</Filter>
    </None>
    <None Include="..\Tiny\shader\sky.vert">
      <Filter>Shaders</Filter>
    </None>
    <None Include="..\Tiny\shader\ssg.frag">
      <Filter>Shaders</Filter>
    </None>
    <None Include="..\Tiny\shader\ssr.frag">
      <Filter>Shaders</Filter>
    </None>
    <None Include="..\Tiny\shader\terrain.frag">
      <Filter>Shaders</Filter>
    </None>
    <None Include="..\Tiny\shader\terrain.vert">
      <Filter>Shaders</Filter>
    </None>
    <None Include="..\Tiny\shader\water.frag">
      <Filter>Shaders</Filter>
    </None>
    <None Include="..\Tiny\shader\water.vert">
      <Filter>Shaders</Filter>
    </None>
    <None Include="..\Tiny\shader\grassLayer.frag">
      <Filter>Shaders</Filter>
    </None>
    <None Include="..\Tiny\shader\grassLayer.vert">
      <Filter>Shaders</Filter>
    </None>
    <None Include="..\Tiny\shader\grassLayer.geom">
      <Filter>Shaders</Filter>
    </None>
    <None Include="..\Tiny\shader\grassLayer.tesc">
      <Filter>Shaders</Filter>
    </None>
    <None Include="..\Tiny\shader\grassLayer.tese">
      <Filter>Shaders</Filter>
    </None>
    <None Include="..\Tiny\shader\util.glsl">
      <Filter>Shaders</Filter>
    </None>
    <None Include="..\Tiny\shader\cull.comp">
      <Filter>Shaders</Filter>
    </None>
    <None Include="..\Tiny\shader\gaussian.frag">
      <Filter>Shaders</Filter>
    </None>
    <None Include="..\Tiny\shader\grass.comp">
      <Filter>Shaders</Filter>
    </None>
    <None Include="..\Tiny\shader\grass.vert">
      <Filter>Shaders</Filter>
    </None>
    <None Include="..\Tiny\shader\triangle.glsl">
      <Filter>Shaders</Filter>
    </None>
    <None Include="..\Tiny\shader\flush.comp">
      <Filter>Shaders</Filter>
    </None>
    <None Include="..\Tiny\shader\multiCull.comp">
      <Filter>Shaders</Filter>
    </None>
    <None Include="..\Tiny\shader\vtf.glsl">
      <Filter>Shaders</Filter>
    </None>
    <None Include="..\Tiny\shader\atmosphere.frag">
      <Filter>Shaders</Filter>
    </None>
    <None Include="..\Tiny\shader\atmosphere.glsl">
      <Filter>Shaders</Filter>
    </None>
    <None Include="..\Tiny\shader\atmosphere.vert">
      <Filter>Shaders</Filter>
    </None>
    <None Include="..\Tiny\shader\cloud.glsl">
      <Filter>Shaders</Filter>
    </None>
  </ItemGroup>
  <ItemGroup>
    <Text Include="..\Tiny\config\config.txt">
      <Filter>config</Filter>
    </Text>
  </ItemGroup>
</Project>